
Microsoft Visual Studio Solution File, Format Version 12.00
# Visual Studio 14
VisualStudioVersion = 14.0.25420.1
MinimumVisualStudioVersion = 10.0.40219.1
Project("{FAE04EC0-301F-11D3-BF4B-00C04F79EFBC}") = "SteamWebAPI2", "SteamWebAPI2\SteamWebAPI2.csproj", "{F5BE3B4F-5F56-45CB-9EEB-2BC017AC8EB5}"
EndProject
Project("{FAE04EC0-301F-11D3-BF4B-00C04F79EFBC}") = "SteamWebAPI2.Net452", "SteamWebAPI2.Net452\SteamWebAPI2.Net452.csproj", "{D16DFA6F-EB9A-4668-8D24-232E7ADA8D98}"
EndProject
Project("{FAE04EC0-301F-11D3-BF4B-00C04F79EFBC}") = "SteamWebAPI2.Net451", "SteamWebAPI2.Net451\SteamWebAPI2.Net451.csproj", "{41B001A5-D111-4EF5-93DD-6F23AF6E8B95}"
EndProject
Project("{FAE04EC0-301F-11D3-BF4B-00C04F79EFBC}") = "SteamWebAPI2.Tests", "SteamWebAPI2.Tests\SteamWebAPI2.Tests.csproj", "{F4FE4936-40E5-4AB7-8DAD-CA0B46CCDCAF}"
EndProject
Global
	GlobalSection(SolutionConfigurationPlatforms) = preSolution
		Debug|Any CPU = Debug|Any CPU
		Debug|ARM = Debug|ARM
		Debug|x64 = Debug|x64
		Debug|x86 = Debug|x86
		Release|Any CPU = Release|Any CPU
		Release|ARM = Release|ARM
		Release|x64 = Release|x64
		Release|x86 = Release|x86
	EndGlobalSection
	GlobalSection(ProjectConfigurationPlatforms) = postSolution
		{F5BE3B4F-5F56-45CB-9EEB-2BC017AC8EB5}.Debug|Any CPU.ActiveCfg = Debug|Any CPU
		{F5BE3B4F-5F56-45CB-9EEB-2BC017AC8EB5}.Debug|Any CPU.Build.0 = Debug|Any CPU
		{F5BE3B4F-5F56-45CB-9EEB-2BC017AC8EB5}.Debug|ARM.ActiveCfg = Debug|Any CPU
		{F5BE3B4F-5F56-45CB-9EEB-2BC017AC8EB5}.Debug|ARM.Build.0 = Debug|Any CPU
		{F5BE3B4F-5F56-45CB-9EEB-2BC017AC8EB5}.Debug|x64.ActiveCfg = Debug|Any CPU
		{F5BE3B4F-5F56-45CB-9EEB-2BC017AC8EB5}.Debug|x64.Build.0 = Debug|Any CPU
		{F5BE3B4F-5F56-45CB-9EEB-2BC017AC8EB5}.Debug|x86.ActiveCfg = Debug|Any CPU
		{F5BE3B4F-5F56-45CB-9EEB-2BC017AC8EB5}.Debug|x86.Build.0 = Debug|Any CPU
		{F5BE3B4F-5F56-45CB-9EEB-2BC017AC8EB5}.Release|Any CPU.ActiveCfg = Release|Any CPU
		{F5BE3B4F-5F56-45CB-9EEB-2BC017AC8EB5}.Release|Any CPU.Build.0 = Release|Any CPU
		{F5BE3B4F-5F56-45CB-9EEB-2BC017AC8EB5}.Release|ARM.ActiveCfg = Release|Any CPU
		{F5BE3B4F-5F56-45CB-9EEB-2BC017AC8EB5}.Release|ARM.Build.0 = Release|Any CPU
		{F5BE3B4F-5F56-45CB-9EEB-2BC017AC8EB5}.Release|x64.ActiveCfg = Release|Any CPU
		{F5BE3B4F-5F56-45CB-9EEB-2BC017AC8EB5}.Release|x64.Build.0 = Release|Any CPU
		{F5BE3B4F-5F56-45CB-9EEB-2BC017AC8EB5}.Release|x86.ActiveCfg = Release|Any CPU
		{F5BE3B4F-5F56-45CB-9EEB-2BC017AC8EB5}.Release|x86.Build.0 = Release|Any CPU
		{D16DFA6F-EB9A-4668-8D24-232E7ADA8D98}.Debug|Any CPU.ActiveCfg = Debug|Any CPU
		{D16DFA6F-EB9A-4668-8D24-232E7ADA8D98}.Debug|Any CPU.Build.0 = Debug|Any CPU
		{D16DFA6F-EB9A-4668-8D24-232E7ADA8D98}.Debug|ARM.ActiveCfg = Debug|Any CPU
		{D16DFA6F-EB9A-4668-8D24-232E7ADA8D98}.Debug|ARM.Build.0 = Debug|Any CPU
		{D16DFA6F-EB9A-4668-8D24-232E7ADA8D98}.Debug|x64.ActiveCfg = Debug|Any CPU
		{D16DFA6F-EB9A-4668-8D24-232E7ADA8D98}.Debug|x64.Build.0 = Debug|Any CPU
		{D16DFA6F-EB9A-4668-8D24-232E7ADA8D98}.Debug|x86.ActiveCfg = Debug|Any CPU
		{D16DFA6F-EB9A-4668-8D24-232E7ADA8D98}.Debug|x86.Build.0 = Debug|Any CPU
		{D16DFA6F-EB9A-4668-8D24-232E7ADA8D98}.Release|Any CPU.ActiveCfg = Release|Any CPU
		{D16DFA6F-EB9A-4668-8D24-232E7ADA8D98}.Release|Any CPU.Build.0 = Release|Any CPU
		{D16DFA6F-EB9A-4668-8D24-232E7ADA8D98}.Release|ARM.ActiveCfg = Release|Any CPU
		{D16DFA6F-EB9A-4668-8D24-232E7ADA8D98}.Release|ARM.Build.0 = Release|Any CPU
		{D16DFA6F-EB9A-4668-8D24-232E7ADA8D98}.Release|x64.ActiveCfg = Release|Any CPU
		{D16DFA6F-EB9A-4668-8D24-232E7ADA8D98}.Release|x64.Build.0 = Release|Any CPU
		{D16DFA6F-EB9A-4668-8D24-232E7ADA8D98}.Release|x86.ActiveCfg = Release|Any CPU
		{D16DFA6F-EB9A-4668-8D24-232E7ADA8D98}.Release|x86.Build.0 = Release|Any CPU
		{41B001A5-D111-4EF5-93DD-6F23AF6E8B95}.Debug|Any CPU.ActiveCfg = Debug|Any CPU
		{41B001A5-D111-4EF5-93DD-6F23AF6E8B95}.Debug|Any CPU.Build.0 = Debug|Any CPU
		{41B001A5-D111-4EF5-93DD-6F23AF6E8B95}.Debug|ARM.ActiveCfg = Debug|Any CPU
		{41B001A5-D111-4EF5-93DD-6F23AF6E8B95}.Debug|ARM.Build.0 = Debug|Any CPU
		{41B001A5-D111-4EF5-93DD-6F23AF6E8B95}.Debug|x64.ActiveCfg = Debug|Any CPU
		{41B001A5-D111-4EF5-93DD-6F23AF6E8B95}.Debug|x64.Build.0 = Debug|Any CPU
		{41B001A5-D111-4EF5-93DD-6F23AF6E8B95}.Debug|x86.ActiveCfg = Debug|Any CPU
		{41B001A5-D111-4EF5-93DD-6F23AF6E8B95}.Debug|x86.Build.0 = Debug|Any CPU
		{41B001A5-D111-4EF5-93DD-6F23AF6E8B95}.Release|Any CPU.ActiveCfg = Release|Any CPU
		{41B001A5-D111-4EF5-93DD-6F23AF6E8B95}.Release|Any CPU.Build.0 = Release|Any CPU
		{41B001A5-D111-4EF5-93DD-6F23AF6E8B95}.Release|ARM.ActiveCfg = Release|Any CPU
		{41B001A5-D111-4EF5-93DD-6F23AF6E8B95}.Release|ARM.Build.0 = Release|Any CPU
		{41B001A5-D111-4EF5-93DD-6F23AF6E8B95}.Release|x64.ActiveCfg = Release|Any CPU
		{41B001A5-D111-4EF5-93DD-6F23AF6E8B95}.Release|x64.Build.0 = Release|Any CPU
		{41B001A5-D111-4EF5-93DD-6F23AF6E8B95}.Release|x86.ActiveCfg = Release|Any CPU
		{41B001A5-D111-4EF5-93DD-6F23AF6E8B95}.Release|x86.Build.0 = Release|Any CPU
		{F4FE4936-40E5-4AB7-8DAD-CA0B46CCDCAF}.Debug|Any CPU.ActiveCfg = Debug|Any CPU
		{F4FE4936-40E5-4AB7-8DAD-CA0B46CCDCAF}.Debug|Any CPU.Build.0 = Debug|Any CPU
		{F4FE4936-40E5-4AB7-8DAD-CA0B46CCDCAF}.Debug|ARM.ActiveCfg = Debug|Any CPU
		{F4FE4936-40E5-4AB7-8DAD-CA0B46CCDCAF}.Debug|ARM.Build.0 = Debug|Any CPU
		{F4FE4936-40E5-4AB7-8DAD-CA0B46CCDCAF}.Debug|x64.ActiveCfg = Debug|Any CPU
		{F4FE4936-40E5-4AB7-8DAD-CA0B46CCDCAF}.Debug|x64.Build.0 = Debug|Any CPU
		{F4FE4936-40E5-4AB7-8DAD-CA0B46CCDCAF}.Debug|x86.ActiveCfg = Debug|Any CPU
		{F4FE4936-40E5-4AB7-8DAD-CA0B46CCDCAF}.Debug|x86.Build.0 = Debug|Any CPU
		{F4FE4936-40E5-4AB7-8DAD-CA0B46CCDCAF}.Release|Any CPU.ActiveCfg = Release|Any CPU
		{F4FE4936-40E5-4AB7-8DAD-CA0B46CCDCAF}.Release|Any CPU.Build.0 = Release|Any CPU
		{F4FE4936-40E5-4AB7-8DAD-CA0B46CCDCAF}.Release|ARM.ActiveCfg = Release|Any CPU
		{F4FE4936-40E5-4AB7-8DAD-CA0B46CCDCAF}.Release|ARM.Build.0 = Release|Any CPU
		{F4FE4936-40E5-4AB7-8DAD-CA0B46CCDCAF}.Release|x64.ActiveCfg = Release|Any CPU
		{F4FE4936-40E5-4AB7-8DAD-CA0B46CCDCAF}.Release|x64.Build.0 = Release|Any CPU
		{F4FE4936-40E5-4AB7-8DAD-CA0B46CCDCAF}.Release|x86.ActiveCfg = Release|Any CPU
		{F4FE4936-40E5-4AB7-8DAD-CA0B46CCDCAF}.Release|x86.Build.0 = Release|Any CPU
	EndGlobalSection
	GlobalSection(SolutionProperties) = preSolution
		HideSolutionNode = FALSE
	EndGlobalSection
EndGlobal
